
Microsoft Visual Studio Solution File, Format Version 12.00
# Visual Studio 14
VisualStudioVersion = 14.0.25420.1
MinimumVisualStudioVersion = 10.0.40219.1
Project("{FAE04EC0-301F-11D3-BF4B-00C04F79EFBC}") = "01_FirstWorkingForm", "01_FirstWorkingForm\01_FirstWorkingForm.csproj", "{6F4735F5-AFFB-4312-8A5F-24822C8DCAF5}"
EndProject
Project("{FAE04EC0-301F-11D3-BF4B-00C04F79EFBC}") = "02_ApplyNamingConventions", "02_ApplyNamingConventions\02_ApplyNamingConventions.csproj", "{BF8AD316-DA57-4416-B463-A647EF61E957}"
EndProject
Global
	GlobalSection(SolutionConfigurationPlatforms) = preSolution
		Debug|Any CPU = Debug|Any CPU
		Release|Any CPU = Release|Any CPU
	EndGlobalSection
	GlobalSection(ProjectConfigurationPlatforms) = postSolution
		{6F4735F5-AFFB-4312-8A5F-24822C8DCAF5}.Debug|Any CPU.ActiveCfg = Debug|Any CPU
		{6F4735F5-AFFB-4312-8A5F-24822C8DCAF5}.Debug|Any CPU.Build.0 = Debug|Any CPU
		{6F4735F5-AFFB-4312-8A5F-24822C8DCAF5}.Release|Any CPU.ActiveCfg = Release|Any CPU
		{6F4735F5-AFFB-4312-8A5F-24822C8DCAF5}.Release|Any CPU.Build.0 = Release|Any CPU
		{BF8AD316-DA57-4416-B463-A647EF61E957}.Debug|Any CPU.ActiveCfg = Debug|Any CPU
		{BF8AD316-DA57-4416-B463-A647EF61E957}.Debug|Any CPU.Build.0 = Debug|Any CPU
		{BF8AD316-DA57-4416-B463-A647EF61E957}.Release|Any CPU.ActiveCfg = Release|Any CPU
		{BF8AD316-DA57-4416-B463-A647EF61E957}.Release|Any CPU.Build.0 = Release|Any CPU
	EndGlobalSection
	GlobalSection(SolutionProperties) = preSolution
		HideSolutionNode = FALSE
	EndGlobalSection
	GlobalSection(ExtensibilityGlobals) = postSolution
		SolutionGuid = {CEE3000C-EBC6-4B1D-A984-5CB8A62E27F0}
	EndGlobalSection
EndGlobal
